<?xml version="1.0" encoding="utf-8"?>
<Project ToolsVersion="4.0" xmlns="http://schemas.microsoft.com/developer/msbuild/2003">
  <ItemGroup>
    <Filter Include="源文件">
      <UniqueIdentifier>{4FC737F1-C7A5-4376-A066-2A32D752A2FF}</UniqueIdentifier>
      <Extensions>cpp;c;cc;cxx;def;odl;idl;hpj;bat;asm;asmx</Extensions>
    </Filter>
    <Filter Include="头文件">
      <UniqueIdentifier>{93995380-89BD-4b04-88EB-625FBE52EBFB}</UniqueIdentifier>
      <Extensions>h;hpp;hxx;hm;inl;inc;xsd</Extensions>
    </Filter>
  </ItemGroup>
  <ItemGroup>
    <ClCompile Include="ConvexPolyhedron.cpp">
      <Filter>源文件</Filter>
    </ClCompile>
    <ClCompile Include="DebugShadowMap.cpp">
      <Filter>源文件</Filter>
    </ClCompile>
    <ClCompile Include="LightSpacePerspectiveShadowMap.cpp">
      <Filter>源文件</Filter>
    </ClCompile>
    <ClCompile Include="MinimalCullBoundsShadowMap.cpp">
      <Filter>源文件</Filter>
    </ClCompile>
    <ClCompile Include="MinimalDrawBoundsShadowMap.cpp">
      <Filter>源文件</Filter>
    </ClCompile>
    <ClCompile Include="MinimalShadowMap.cpp">
      <Filter>源文件</Filter>
    </ClCompile>
    <ClCompile Include="OccluderGeometry.cpp">
      <Filter>源文件</Filter>
    </ClCompile>
    <ClCompile Include="ParallelSplitShadowMap.cpp">
      <Filter>源文件</Filter>
    </ClCompile>
    <ClCompile Include="ShadowedScene.cpp">
      <Filter>源文件</Filter>
    </ClCompile>
    <ClCompile Include="ShadowMap.cpp">
      <Filter>源文件</Filter>
    </ClCompile>
    <ClCompile Include="ShadowTechnique.cpp">
      <Filter>源文件</Filter>
    </ClCompile>
    <ClCompile Include="ShadowTexture.cpp">
      <Filter>源文件</Filter>
    </ClCompile>
    <ClCompile Include="ShadowVolume.cpp">
      <Filter>源文件</Filter>
    </ClCompile>
    <ClCompile Include="SoftShadowMap.cpp">
      <Filter>源文件</Filter>
    </ClCompile>
    <ClCompile Include="StandardShadowMap.cpp">
      <Filter>源文件</Filter>
    </ClCompile>
    <ClCompile Include="Version.cpp">
      <Filter>源文件</Filter>
    </ClCompile>
    <ClCompile Include="ViewDependentShadowTechnique.cpp">
      <Filter>源文件</Filter>
    </ClCompile>
  </ItemGroup>
  <ItemGroup>
    <None Include="..\..\include\osgShadow\ConvexPolyhedron">
      <Filter>头文件</Filter>
    </None>
    <None Include="..\..\include\osgShadow\DebugShadowMap">
      <Filter>头文件</Filter>
    </None>
    <None Include="..\..\include\osgShadow\Export">
      <Filter>头文件</Filter>
    </None>
    <None Include="..\..\include\osgShadow\LightSpacePerspectiveShadowMap">
      <Filter>头文件</Filter>
    </None>
    <None Include="..\..\include\osgShadow\MinimalCullBoundsShadowMap">
      <Filter>头文件</Filter>
    </None>
    <None Include="..\..\include\osgShadow\MinimalDrawBoundsShadowMap">
      <Filter>头文件</Filter>
    </None>
    <None Include="..\..\include\osgShadow\MinimalShadowMap">
      <Filter>头文件</Filter>
    </None>
    <None Include="..\..\include\osgShadow\OccluderGeometry">
      <Filter>头文件</Filter>
    </None>
    <None Include="..\..\include\osgShadow\ParallelSplitShadowMap">
      <Filter>头文件</Filter>
    </None>
    <None Include="..\..\include\osgShadow\ProjectionShadowMap">
      <Filter>头文件</Filter>
    </None>
    <None Include="..\..\include\osgShadow\ShadowedScene">
      <Filter>头文件</Filter>
    </None>
    <None Include="..\..\include\osgShadow\ShadowMap">
      <Filter>头文件</Filter>
    </None>
    <None Include="..\..\include\osgShadow\ShadowTechnique">
      <Filter>头文件</Filter>
    </None>
    <None Include="..\..\include\osgShadow\ShadowTexture">
      <Filter>头文件</Filter>
    </None>
    <None Include="..\..\include\osgShadow\ShadowVolume">
      <Filter>头文件</Filter>
    </None>
    <None Include="..\..\include\osgShadow\SoftShadowMap">
      <Filter>头文件</Filter>
    </None>
    <None Include="..\..\include\osgShadow\StandardShadowMap">
      <Filter>头文件</Filter>
    </None>
    <None Include="..\..\include\osgShadow\Version">
      <Filter>头文件</Filter>
    </None>
    <None Include="..\..\include\osgShadow\ViewDependentShadowTechnique">
      <Filter>头文件</Filter>
    </None>
  </ItemGroup>
  <ItemGroup>
    <ResourceCompile Include="..\..\..\DEU3D_VersionRes\DEUGlobeVersionInfo.rc" />
  </ItemGroup>
</Project>