
Microsoft Visual Studio Solution File, Format Version 11.00
# Visual Studio 2010
Project("{8BC9CEB8-8B4A-11D0-8D11-00A0C91BC942}") = "TileBuilder", "TileBuilder\TileBuilder.vcxproj", "{084C1518-9BD5-4ACC-9614-8F712F684FB4}"
EndProject
Project("{8BC9CEB8-8B4A-11D0-8D11-00A0C91BC942}") = "ModelBuilder", "ModelBuilder\ModelBuilder.vcxproj", "{37657D25-9CB6-402D-BBB4-B833C9EADBF9}"
EndProject
Project("{8BC9CEB8-8B4A-11D0-8D11-00A0C91BC942}") = "DataKeeper", "DataKeeper\DataKeeper.vcxproj", "{D66411DD-7CC7-4942-8E61-739919F9CA4D}"
EndProject
Project("{8BC9CEB8-8B4A-11D0-8D11-00A0C91BC942}") = "WFSBuilder", "WFSBuilder\WFSBuilder.vcxproj", "{34CB99FC-BD92-47F4-8E60-9212C6E2FC81}"
	ProjectSection(ProjectDependencies) = postProject
		{37657D25-9CB6-402D-BBB4-B833C9EADBF9} = {37657D25-9CB6-402D-BBB4-B833C9EADBF9}
	EndProjectSection
EndProject
Global
	GlobalSection(SolutionConfigurationPlatforms) = preSolution
		Debug|Win32 = Debug|Win32
		Debug|x64 = Debug|x64
		Release|Win32 = Release|Win32
		Release|x64 = Release|x64
	EndGlobalSection
	GlobalSection(ProjectConfigurationPlatforms) = postSolution
		{084C1518-9BD5-4ACC-9614-8F712F684FB4}.Debug|Win32.ActiveCfg = Debug|Win32
		{084C1518-9BD5-4ACC-9614-8F712F684FB4}.Debug|Win32.Build.0 = Debug|Win32
		{084C1518-9BD5-4ACC-9614-8F712F684FB4}.Debug|x64.ActiveCfg = Debug|x64
		{084C1518-9BD5-4ACC-9614-8F712F684FB4}.Debug|x64.Build.0 = Debug|x64
		{084C1518-9BD5-4ACC-9614-8F712F684FB4}.Release|Win32.ActiveCfg = Release|Win32
		{084C1518-9BD5-4ACC-9614-8F712F684FB4}.Release|Win32.Build.0 = Release|Win32
		{084C1518-9BD5-4ACC-9614-8F712F684FB4}.Release|x64.ActiveCfg = Release|x64
		{084C1518-9BD5-4ACC-9614-8F712F684FB4}.Release|x64.Build.0 = Release|x64
		{37657D25-9CB6-402D-BBB4-B833C9EADBF9}.Debug|Win32.ActiveCfg = Debug|Win32
		{37657D25-9CB6-402D-BBB4-B833C9EADBF9}.Debug|Win32.Build.0 = Debug|Win32
		{37657D25-9CB6-402D-BBB4-B833C9EADBF9}.Debug|x64.ActiveCfg = Debug|x64
		{37657D25-9CB6-402D-BBB4-B833C9EADBF9}.Debug|x64.Build.0 = Debug|x64
		{37657D25-9CB6-402D-BBB4-B833C9EADBF9}.Release|Win32.ActiveCfg = Release|Win32
		{37657D25-9CB6-402D-BBB4-B833C9EADBF9}.Release|Win32.Build.0 = Release|Win32
		{37657D25-9CB6-402D-BBB4-B833C9EADBF9}.Release|x64.ActiveCfg = Release|x64
		{37657D25-9CB6-402D-BBB4-B833C9EADBF9}.Release|x64.Build.0 = Release|x64
		{D66411DD-7CC7-4942-8E61-739919F9CA4D}.Debug|Win32.ActiveCfg = Debug|Win32
		{D66411DD-7CC7-4942-8E61-739919F9CA4D}.Debug|Win32.Build.0 = Debug|Win32
		{D66411DD-7CC7-4942-8E61-739919F9CA4D}.Debug|x64.ActiveCfg = Debug|x64
		{D66411DD-7CC7-4942-8E61-739919F9CA4D}.Debug|x64.Build.0 = Debug|x64
		{D66411DD-7CC7-4942-8E61-739919F9CA4D}.Release|Win32.ActiveCfg = Release|Win32
		{D66411DD-7CC7-4942-8E61-739919F9CA4D}.Release|Win32.Build.0 = Release|Win32
		{D66411DD-7CC7-4942-8E61-739919F9CA4D}.Release|x64.ActiveCfg = Release|x64
		{D66411DD-7CC7-4942-8E61-739919F9CA4D}.Release|x64.Build.0 = Release|x64
		{34CB99FC-BD92-47F4-8E60-9212C6E2FC81}.Debug|Win32.ActiveCfg = Debug|Win32
		{34CB99FC-BD92-47F4-8E60-9212C6E2FC81}.Debug|Win32.Build.0 = Debug|Win32
		{34CB99FC-BD92-47F4-8E60-9212C6E2FC81}.Debug|x64.ActiveCfg = Debug|x64
		{34CB99FC-BD92-47F4-8E60-9212C6E2FC81}.Debug|x64.Build.0 = Debug|x64
		{34CB99FC-BD92-47F4-8E60-9212C6E2FC81}.Release|Win32.ActiveCfg = Release|Win32
		{34CB99FC-BD92-47F4-8E60-9212C6E2FC81}.Release|Win32.Build.0 = Release|Win32
		{34CB99FC-BD92-47F4-8E60-9212C6E2FC81}.Release|x64.ActiveCfg = Release|x64
		{34CB99FC-BD92-47F4-8E60-9212C6E2FC81}.Release|x64.Build.0 = Release|x64
	EndGlobalSection
	GlobalSection(SolutionProperties) = preSolution
		HideSolutionNode = FALSE
	EndGlobalSection
EndGlobal
