<?xml version="1.0" encoding="utf-8"?>
<Project ToolsVersion="4.0" xmlns="http://schemas.microsoft.com/developer/msbuild/2003">
  <ItemGroup>
    <Filter Include="源文件">
      <UniqueIdentifier>{4FC737F1-C7A5-4376-A066-2A32D752A2FF}</UniqueIdentifier>
      <Extensions>cpp;c;cc;cxx;def;odl;idl;hpj;bat;asm;asmx</Extensions>
    </Filter>
    <Filter Include="头文件">
      <UniqueIdentifier>{93995380-89BD-4b04-88EB-625FBE52EBFB}</UniqueIdentifier>
      <Extensions>h;hpp;hxx;hm;inl;inc;xsd</Extensions>
    </Filter>
    <Filter Include="资源文件">
      <UniqueIdentifier>{67DA6AB6-F800-4c08-8B7A-83BB121AAD01}</UniqueIdentifier>
      <Extensions>rc;ico;cur;bmp;dlg;rc2;rct;bin;rgs;gif;jpg;jpeg;jpe;resx;tiff;tif;png;wav;mfcribbon-ms</Extensions>
    </Filter>
  </ItemGroup>
  <ItemGroup>
    <ClInclude Include="IDriver.h">
      <Filter>头文件</Filter>
    </ClInclude>
    <ClInclude Include="DEUDefine.h">
      <Filter>头文件</Filter>
    </ClInclude>
    <ClInclude Include="Export.h">
      <Filter>头文件</Filter>
    </ClInclude>
    <ClInclude Include="IWMTSDriver.h">
      <Filter>头文件</Filter>
    </ClInclude>
    <ClInclude Include="WMTSDriver.h">
      <Filter>头文件</Filter>
    </ClInclude>
    <ClInclude Include="CSimpleHttpClient.h">
      <Filter>头文件</Filter>
    </ClInclude>
    <ClInclude Include="ITileSet.h">
      <Filter>头文件</Filter>
    </ClInclude>
    <ClInclude Include="TileSet.h">
      <Filter>头文件</Filter>
    </ClInclude>
    <ClInclude Include="DEUUtils.h">
      <Filter>头文件</Filter>
    </ClInclude>
    <ClInclude Include="IWFSDriver.h">
      <Filter>头文件</Filter>
    </ClInclude>
    <ClInclude Include="IFeatureLayer.h">
      <Filter>头文件</Filter>
    </ClInclude>
    <ClInclude Include="WFSDriver.h">
      <Filter>头文件</Filter>
    </ClInclude>
    <ClInclude Include="FeatureLayer.h">
      <Filter>头文件</Filter>
    </ClInclude>
    <ClInclude Include="OGCFilter.h">
      <Filter>头文件</Filter>
    </ClInclude>
    <ClInclude Include="IOGCFilter.h">
      <Filter>头文件</Filter>
    </ClInclude>
    <ClInclude Include="ICompareFilter.h">
      <Filter>头文件</Filter>
    </ClInclude>
    <ClInclude Include="CompareFilter.h">
      <Filter>头文件</Filter>
    </ClInclude>
    <ClInclude Include="IBBoxFilter.h">
      <Filter>头文件</Filter>
    </ClInclude>
    <ClInclude Include="BBoxFilter.h">
      <Filter>头文件</Filter>
    </ClInclude>
    <ClInclude Include="IWMSDriver.h">
      <Filter>头文件</Filter>
    </ClInclude>
    <ClInclude Include="WMSDriver.h">
      <Filter>头文件</Filter>
    </ClInclude>
    <ClInclude Include="WMSTileSet.h">
      <Filter>头文件</Filter>
    </ClInclude>
    <ClInclude Include="IMercatorDriver.h">
      <Filter>头文件</Filter>
    </ClInclude>
    <ClInclude Include="MercatorTileSet.h">
      <Filter>头文件</Filter>
    </ClInclude>
    <ClInclude Include="MercatorDriver.h">
      <Filter>头文件</Filter>
    </ClInclude>
  </ItemGroup>
  <ItemGroup>
    <ClCompile Include="WMTSDriver.cpp">
      <Filter>源文件</Filter>
    </ClCompile>
    <ClCompile Include="CSimpleHttpClient.cpp">
      <Filter>源文件</Filter>
    </ClCompile>
    <ClCompile Include="TileSet.cpp">
      <Filter>源文件</Filter>
    </ClCompile>
    <ClCompile Include="DEUUtils.cpp">
      <Filter>源文件</Filter>
    </ClCompile>
    <ClCompile Include="WFSDriver.cpp">
      <Filter>源文件</Filter>
    </ClCompile>
    <ClCompile Include="FeatureLayer.cpp">
      <Filter>源文件</Filter>
    </ClCompile>
    <ClCompile Include="OGCFilter.cpp">
      <Filter>源文件</Filter>
    </ClCompile>
    <ClCompile Include="CompareFilter.cpp">
      <Filter>源文件</Filter>
    </ClCompile>
    <ClCompile Include="BBoxFilter.cpp">
      <Filter>源文件</Filter>
    </ClCompile>
    <ClCompile Include="WMSDriver.cpp">
      <Filter>源文件</Filter>
    </ClCompile>
    <ClCompile Include="WMSTileSet.cpp">
      <Filter>源文件</Filter>
    </ClCompile>
    <ClCompile Include="MercatorTileSet.cpp">
      <Filter>源文件</Filter>
    </ClCompile>
    <ClCompile Include="MercatorDriver.cpp">
      <Filter>源文件</Filter>
    </ClCompile>
  </ItemGroup>
</Project>