
Microsoft Visual Studio Solution File, Format Version 12.00
# Visual Studio 14
VisualStudioVersion = 14.0.25420.1
MinimumVisualStudioVersion = 10.0.40219.1
Project("{8BC9CEB8-8B4A-11D0-8D11-00A0C91BC942}") = "lesson-003-环境配置", "lesson-003-环境配置\lesson-003-环境配置.vcxproj", "{37ACE81F-B34D-46DB-8895-CE361CA2770D}"
EndProject
Project("{8BC9CEB8-8B4A-11D0-8D11-00A0C91BC942}") = "lesson-002-窗口建立", "lesson-002-窗口建立\lesson-002-窗口建立.vcxproj", "{94934C35-20DE-462E-9BB1-9131486354F3}"
EndProject
Project("{8BC9CEB8-8B4A-11D0-8D11-00A0C91BC942}") = "lesson-004-窗口类的抽象封装", "lesson-004-窗口类的抽象封装\lesson-004-窗口类的抽象封装.vcxproj", "{6EED57AC-FC57-4F17-A011-1A0C9B4DEB9F}"
EndProject
Project("{8BC9CEB8-8B4A-11D0-8D11-00A0C91BC942}") = "lesson-005-SetupOpenGL", "lesson-005-SetupOpenGL\lesson-005-SetupOpenGL.vcxproj", "{BE8C3603-F773-4CB0-9358-2B279308AD4F}"
EndProject
Project("{8BC9CEB8-8B4A-11D0-8D11-00A0C91BC942}") = "lesson-006-OpenGL帧循环", "lesson-006-OpenGL帧循环\lesson-006-OpenGL帧循环.vcxproj", "{DD15510F-CD8D-41C2-988F-5BB7C617EF81}"
EndProject
Project("{8BC9CEB8-8B4A-11D0-8D11-00A0C91BC942}") = "lesson-007-事件处理", "lesson-007-事件处理\lesson-007-事件处理.vcxproj", "{55D6AAD4-7AEF-452D-80E6-4F318F36B395}"
EndProject
Project("{8BC9CEB8-8B4A-11D0-8D11-00A0C91BC942}") = "lesson-008-glew引入", "lesson-008-glew引入\lesson-008-glew引入.vcxproj", "{A6667C5B-DEA1-4C17-BB17-BFD8400D4DFC}"
EndProject
Global
	GlobalSection(SolutionConfigurationPlatforms) = preSolution
		Debug|x64 = Debug|x64
		Debug|x86 = Debug|x86
		Release|x64 = Release|x64
		Release|x86 = Release|x86
	EndGlobalSection
	GlobalSection(ProjectConfigurationPlatforms) = postSolution
		{37ACE81F-B34D-46DB-8895-CE361CA2770D}.Debug|x64.ActiveCfg = Debug|x64
		{37ACE81F-B34D-46DB-8895-CE361CA2770D}.Debug|x64.Build.0 = Debug|x64
		{37ACE81F-B34D-46DB-8895-CE361CA2770D}.Debug|x86.ActiveCfg = Debug|Win32
		{37ACE81F-B34D-46DB-8895-CE361CA2770D}.Debug|x86.Build.0 = Debug|Win32
		{37ACE81F-B34D-46DB-8895-CE361CA2770D}.Release|x64.ActiveCfg = Release|x64
		{37ACE81F-B34D-46DB-8895-CE361CA2770D}.Release|x64.Build.0 = Release|x64
		{37ACE81F-B34D-46DB-8895-CE361CA2770D}.Release|x86.ActiveCfg = Release|Win32
		{37ACE81F-B34D-46DB-8895-CE361CA2770D}.Release|x86.Build.0 = Release|Win32
		{94934C35-20DE-462E-9BB1-9131486354F3}.Debug|x64.ActiveCfg = Debug|x64
		{94934C35-20DE-462E-9BB1-9131486354F3}.Debug|x64.Build.0 = Debug|x64
		{94934C35-20DE-462E-9BB1-9131486354F3}.Debug|x86.ActiveCfg = Debug|Win32
		{94934C35-20DE-462E-9BB1-9131486354F3}.Debug|x86.Build.0 = Debug|Win32
		{94934C35-20DE-462E-9BB1-9131486354F3}.Release|x64.ActiveCfg = Release|x64
		{94934C35-20DE-462E-9BB1-9131486354F3}.Release|x64.Build.0 = Release|x64
		{94934C35-20DE-462E-9BB1-9131486354F3}.Release|x86.ActiveCfg = Release|Win32
		{94934C35-20DE-462E-9BB1-9131486354F3}.Release|x86.Build.0 = Release|Win32
		{6EED57AC-FC57-4F17-A011-1A0C9B4DEB9F}.Debug|x64.ActiveCfg = Debug|x64
		{6EED57AC-FC57-4F17-A011-1A0C9B4DEB9F}.Debug|x64.Build.0 = Debug|x64
		{6EED57AC-FC57-4F17-A011-1A0C9B4DEB9F}.Debug|x86.ActiveCfg = Debug|Win32
		{6EED57AC-FC57-4F17-A011-1A0C9B4DEB9F}.Debug|x86.Build.0 = Debug|Win32
		{6EED57AC-FC57-4F17-A011-1A0C9B4DEB9F}.Release|x64.ActiveCfg = Release|x64
		{6EED57AC-FC57-4F17-A011-1A0C9B4DEB9F}.Release|x64.Build.0 = Release|x64
		{6EED57AC-FC57-4F17-A011-1A0C9B4DEB9F}.Release|x86.ActiveCfg = Release|Win32
		{6EED57AC-FC57-4F17-A011-1A0C9B4DEB9F}.Release|x86.Build.0 = Release|Win32
		{BE8C3603-F773-4CB0-9358-2B279308AD4F}.Debug|x64.ActiveCfg = Debug|x64
		{BE8C3603-F773-4CB0-9358-2B279308AD4F}.Debug|x64.Build.0 = Debug|x64
		{BE8C3603-F773-4CB0-9358-2B279308AD4F}.Debug|x86.ActiveCfg = Debug|Win32
		{BE8C3603-F773-4CB0-9358-2B279308AD4F}.Debug|x86.Build.0 = Debug|Win32
		{BE8C3603-F773-4CB0-9358-2B279308AD4F}.Release|x64.ActiveCfg = Release|x64
		{BE8C3603-F773-4CB0-9358-2B279308AD4F}.Release|x64.Build.0 = Release|x64
		{BE8C3603-F773-4CB0-9358-2B279308AD4F}.Release|x86.ActiveCfg = Release|Win32
		{BE8C3603-F773-4CB0-9358-2B279308AD4F}.Release|x86.Build.0 = Release|Win32
		{DD15510F-CD8D-41C2-988F-5BB7C617EF81}.Debug|x64.ActiveCfg = Debug|x64
		{DD15510F-CD8D-41C2-988F-5BB7C617EF81}.Debug|x64.Build.0 = Debug|x64
		{DD15510F-CD8D-41C2-988F-5BB7C617EF81}.Debug|x86.ActiveCfg = Debug|Win32
		{DD15510F-CD8D-41C2-988F-5BB7C617EF81}.Debug|x86.Build.0 = Debug|Win32
		{DD15510F-CD8D-41C2-988F-5BB7C617EF81}.Release|x64.ActiveCfg = Release|x64
		{DD15510F-CD8D-41C2-988F-5BB7C617EF81}.Release|x64.Build.0 = Release|x64
		{DD15510F-CD8D-41C2-988F-5BB7C617EF81}.Release|x86.ActiveCfg = Release|Win32
		{DD15510F-CD8D-41C2-988F-5BB7C617EF81}.Release|x86.Build.0 = Release|Win32
		{55D6AAD4-7AEF-452D-80E6-4F318F36B395}.Debug|x64.ActiveCfg = Debug|x64
		{55D6AAD4-7AEF-452D-80E6-4F318F36B395}.Debug|x64.Build.0 = Debug|x64
		{55D6AAD4-7AEF-452D-80E6-4F318F36B395}.Debug|x86.ActiveCfg = Debug|Win32
		{55D6AAD4-7AEF-452D-80E6-4F318F36B395}.Debug|x86.Build.0 = Debug|Win32
		{55D6AAD4-7AEF-452D-80E6-4F318F36B395}.Release|x64.ActiveCfg = Release|x64
		{55D6AAD4-7AEF-452D-80E6-4F318F36B395}.Release|x64.Build.0 = Release|x64
		{55D6AAD4-7AEF-452D-80E6-4F318F36B395}.Release|x86.ActiveCfg = Release|Win32
		{55D6AAD4-7AEF-452D-80E6-4F318F36B395}.Release|x86.Build.0 = Release|Win32
		{A6667C5B-DEA1-4C17-BB17-BFD8400D4DFC}.Debug|x64.ActiveCfg = Debug|x64
		{A6667C5B-DEA1-4C17-BB17-BFD8400D4DFC}.Debug|x64.Build.0 = Debug|x64
		{A6667C5B-DEA1-4C17-BB17-BFD8400D4DFC}.Debug|x86.ActiveCfg = Debug|Win32
		{A6667C5B-DEA1-4C17-BB17-BFD8400D4DFC}.Debug|x86.Build.0 = Debug|Win32
		{A6667C5B-DEA1-4C17-BB17-BFD8400D4DFC}.Release|x64.ActiveCfg = Release|x64
		{A6667C5B-DEA1-4C17-BB17-BFD8400D4DFC}.Release|x64.Build.0 = Release|x64
		{A6667C5B-DEA1-4C17-BB17-BFD8400D4DFC}.Release|x86.ActiveCfg = Release|Win32
		{A6667C5B-DEA1-4C17-BB17-BFD8400D4DFC}.Release|x86.Build.0 = Release|Win32
	EndGlobalSection
	GlobalSection(SolutionProperties) = preSolution
		HideSolutionNode = FALSE
	EndGlobalSection
EndGlobal
