<?xml version="1.0" encoding="utf-8"?>
<Project ToolsVersion="4.0" xmlns="http://schemas.microsoft.com/developer/msbuild/2003">
  <ItemGroup>
    <ClCompile Include="..\..\src\osgViewer\CompositeViewer.cpp">
      <Filter>Source Files</Filter>
    </ClCompile>
    <ClCompile Include="..\..\src\osgViewer\GraphicsWindow.cpp">
      <Filter>Source Files</Filter>
    </ClCompile>
    <ClCompile Include="..\..\src\osgViewer\Renderer.cpp">
      <Filter>Source Files</Filter>
    </ClCompile>
    <ClCompile Include="..\..\src\osgViewer\Scene.cpp">
      <Filter>Source Files</Filter>
    </ClCompile>
    <ClCompile Include="..\..\src\osgViewer\StatsHandler.cpp">
      <Filter>Source Files</Filter>
    </ClCompile>
    <ClCompile Include="..\..\src\osgViewer\Version.cpp">
      <Filter>Source Files</Filter>
    </ClCompile>
    <ClCompile Include="..\..\src\osgViewer\View.cpp">
      <Filter>Source Files</Filter>
    </ClCompile>
    <ClCompile Include="..\..\src\osgViewer\Viewer.cpp">
      <Filter>Source Files</Filter>
    </ClCompile>
    <ClCompile Include="..\..\src\osgViewer\ViewerBase.cpp">
      <Filter>Source Files</Filter>
    </ClCompile>
    <ClCompile Include="..\..\src\osgViewer\GraphicsWindowWin32.cpp">
      <Filter>Source Files</Filter>
    </ClCompile>
    <ClCompile Include="..\..\src\osgViewer\PixelBufferWin32.cpp">
      <Filter>Source Files</Filter>
    </ClCompile>
  </ItemGroup>
  <ItemGroup>
    <Filter Include="Source Files">
      <UniqueIdentifier>{26235826-DFED-47CB-805B-9ACC297C5864}</UniqueIdentifier>
    </Filter>
    <Filter Include="Header Files">
      <UniqueIdentifier>{C0101EB8-C0E4-4247-8332-1F46E83734DA}</UniqueIdentifier>
    </Filter>
    <Filter Include="Header Files\api">
      <UniqueIdentifier>{ADEE2C64-0DCF-4D1F-AB5E-3FC97E6513FF}</UniqueIdentifier>
    </Filter>
  </ItemGroup>
  <ItemGroup>
    <None Include="..\..\include\osgViewer\CompositeViewer">
      <Filter>Header Files</Filter>
    </None>
    <None Include="..\..\include\osgViewer\Export">
      <Filter>Header Files</Filter>
    </None>
    <None Include="..\..\include\osgViewer\GraphicsWindow">
      <Filter>Header Files</Filter>
    </None>
    <None Include="..\..\include\osgViewer\Renderer">
      <Filter>Header Files</Filter>
    </None>
    <None Include="..\..\include\osgViewer\Scene">
      <Filter>Header Files</Filter>
    </None>
    <None Include="..\..\include\osgViewer\Version">
      <Filter>Header Files</Filter>
    </None>
    <None Include="..\..\include\osgViewer\View">
      <Filter>Header Files</Filter>
    </None>
    <None Include="..\..\include\osgViewer\Viewer">
      <Filter>Header Files</Filter>
    </None>
    <None Include="..\..\include\osgViewer\ViewerBase">
      <Filter>Header Files</Filter>
    </None>
    <None Include="..\..\include\osgViewer\api\Win32\GraphicsHandleWin32">
      <Filter>Header Files\api</Filter>
    </None>
    <None Include="..\..\include\osgViewer\api\Win32\GraphicsWindowWin32">
      <Filter>Header Files\api</Filter>
    </None>
    <None Include="..\..\include\osgViewer\api\Win32\PixelBufferWin32">
      <Filter>Header Files\api</Filter>
    </None>
  </ItemGroup>
  <ItemGroup>
    <ResourceCompile Include="..\..\..\DEU3D_VersionRes\DEUGlobeVersionInfo.rc" />
  </ItemGroup>
</Project>