<?xml version="1.0" encoding="utf-8"?>
<Project ToolsVersion="4.0" xmlns="http://schemas.microsoft.com/developer/msbuild/2003">
  <ItemGroup>
    <ClInclude Include="Export.h">
      <Filter>头文件</Filter>
    </ClInclude>
    <ClInclude Include="DEUPlatformCore.h">
      <Filter>头文件</Filter>
    </ClInclude>
    <ClInclude Include="Utility.h">
      <Filter>头文件</Filter>
    </ClInclude>
    <ClInclude Include="TextCenterLayouter.h">
      <Filter>头文件</Filter>
    </ClInclude>
    <ClInclude Include="FileReadInterceptor.h">
      <Filter>拦截器</Filter>
    </ClInclude>
    <ClInclude Include="InitializationParam.h">
      <Filter>Interface</Filter>
    </ClInclude>
    <ClInclude Include="IPlatformCore.h">
      <Filter>Interface</Filter>
    </ClInclude>
    <ClInclude Include="IUtility.h">
      <Filter>Interface</Filter>
    </ClInclude>
    <ClInclude Include="AeroCalculator.h">
      <Filter>视图</Filter>
    </ClInclude>
    <ClInclude Include="CubicBezierLinearInterpolator.h">
      <Filter>视图</Filter>
    </ClInclude>
    <ClInclude Include="DEUSceneViewer.h">
      <Filter>视图</Filter>
    </ClInclude>
    <ClInclude Include="FrameImageFetcher.h">
      <Filter>视图</Filter>
    </ClInclude>
    <ClInclude Include="HudLayouter.h">
      <Filter>视图</Filter>
    </ClInclude>
    <ClInclude Include="ProjectionMatrixFixer.h">
      <Filter>视图</Filter>
    </ClInclude>
    <ClInclude Include="SceneViewerType.h">
      <Filter>视图</Filter>
    </ClInclude>
    <ClInclude Include="ViewerParam.h">
      <Filter>视图</Filter>
    </ClInclude>
    <ClInclude Include="ICompass.h">
      <Filter>Interface</Filter>
    </ClInclude>
    <ClInclude Include="IFluoroScope.h">
      <Filter>Interface</Filter>
    </ClInclude>
    <ClInclude Include="INavigationPathPlayer.h">
      <Filter>Interface</Filter>
    </ClInclude>
    <ClInclude Include="ISceneViewer.h">
      <Filter>Interface</Filter>
    </ClInclude>
    <ClInclude Include="ISkyDome.h">
      <Filter>Interface</Filter>
    </ClInclude>
    <ClInclude Include="IStatusBar.h">
      <Filter>Interface</Filter>
    </ClInclude>
    <ClInclude Include="SkyDome.h">
      <Filter>天空球</Filter>
    </ClInclude>
    <ClInclude Include="SkyShader.h">
      <Filter>天空球</Filter>
    </ClInclude>
    <ClInclude Include="StarData.h">
      <Filter>天空球</Filter>
    </ClInclude>
    <ClInclude Include="EllipseTool.h">
      <Filter>工具</Filter>
    </ClInclude>
    <ClInclude Include="FaceTool.h">
      <Filter>工具</Filter>
    </ClInclude>
    <ClInclude Include="LineTool.h">
      <Filter>工具</Filter>
    </ClInclude>
    <ClInclude Include="PointTool.h">
      <Filter>工具</Filter>
    </ClInclude>
    <ClInclude Include="PolygonTool.h">
      <Filter>工具</Filter>
    </ClInclude>
    <ClInclude Include="PolylineTool.h">
      <Filter>工具</Filter>
    </ClInclude>
    <ClInclude Include="Compass.h">
      <Filter>指北针</Filter>
    </ClInclude>
    <ClInclude Include="RectTool.h">
      <Filter>工具</Filter>
    </ClInclude>
    <ClInclude Include="StatusBar.h">
      <Filter>状态条</Filter>
    </ClInclude>
    <ClInclude Include="ToolBase.h">
      <Filter>工具</Filter>
    </ClInclude>
    <ClInclude Include="ToolManager.h">
      <Filter>工具</Filter>
    </ClInclude>
    <ClInclude Include="TileObjBlender.h">
      <Filter>拦截器</Filter>
    </ClInclude>
    <ClInclude Include="Fluoroscope.h">
      <Filter>透视镜</Filter>
    </ClInclude>
    <ClInclude Include="StateManager.h">
      <Filter>状态</Filter>
    </ClInclude>
    <ClInclude Include="ColorState.h">
      <Filter>状态</Filter>
    </ClInclude>
    <ClInclude Include="OutlineLayouter.h">
      <Filter>状态</Filter>
    </ClInclude>
    <ClInclude Include="OutLineState.h">
      <Filter>状态</Filter>
    </ClInclude>
    <ClInclude Include="SmokeState.h">
      <Filter>状态</Filter>
    </ClInclude>
    <ClInclude Include="StateBase.h">
      <Filter>状态</Filter>
    </ClInclude>
    <ClInclude Include="VisibleState.h">
      <Filter>状态</Filter>
    </ClInclude>
    <ClInclude Include="RefreshingTerrainThread.h">
      <Filter>头文件</Filter>
    </ClInclude>
    <ClInclude Include="Registry.h">
      <Filter>头文件</Filter>
    </ClInclude>
    <ClInclude Include="RefreshingThread.h">
      <Filter>头文件</Filter>
    </ClInclude>
    <ClInclude Include="IEllipseTool.h">
      <Filter>Interface\Tools</Filter>
    </ClInclude>
    <ClInclude Include="IFaceTool.h">
      <Filter>Interface\Tools</Filter>
    </ClInclude>
    <ClInclude Include="ILineTool.h">
      <Filter>Interface\Tools</Filter>
    </ClInclude>
    <ClInclude Include="IPointTool.h">
      <Filter>Interface\Tools</Filter>
    </ClInclude>
    <ClInclude Include="IPolygonTool.h">
      <Filter>Interface\Tools</Filter>
    </ClInclude>
    <ClInclude Include="IPolylineTool.h">
      <Filter>Interface\Tools</Filter>
    </ClInclude>
    <ClInclude Include="IRectTool.h">
      <Filter>Interface\Tools</Filter>
    </ClInclude>
    <ClInclude Include="IToolBase.h">
      <Filter>Interface\Tools</Filter>
    </ClInclude>
    <ClInclude Include="IToolManager.h">
      <Filter>Interface\Tools</Filter>
    </ClInclude>
    <ClInclude Include="ISmokeState.h">
      <Filter>Interface\State</Filter>
    </ClInclude>
    <ClInclude Include="IOutLineState.h">
      <Filter>Interface\State</Filter>
    </ClInclude>
    <ClInclude Include="IColorState.h">
      <Filter>Interface\State</Filter>
    </ClInclude>
    <ClInclude Include="IStateManager.h">
      <Filter>Interface\State</Filter>
    </ClInclude>
    <ClInclude Include="IState.h">
      <Filter>Interface\State</Filter>
    </ClInclude>
    <ClInclude Include="IVisibleState.h">
      <Filter>Interface\State</Filter>
    </ClInclude>
    <ClInclude Include="IViewState.h">
      <Filter>Interface\State</Filter>
    </ClInclude>
    <ClInclude Include="ViewState.h">
      <Filter>状态</Filter>
    </ClInclude>
    <ClInclude Include="NavigatorBase.h">
      <Filter>漫游器</Filter>
    </ClInclude>
    <ClInclude Include="NavigatorManager.h">
      <Filter>漫游器</Filter>
    </ClInclude>
    <ClInclude Include="PlanetNavigator.h">
      <Filter>漫游器</Filter>
    </ClInclude>
    <ClInclude Include="INavigatorManager.h">
      <Filter>Interface</Filter>
    </ClInclude>
    <ClInclude Include="SubGround.h">
      <Filter>头文件</Filter>
    </ClInclude>
    <ClInclude Include="Capabilities.h">
      <Filter>头文件</Filter>
    </ClInclude>
    <ClInclude Include="DEUProxyNode.h">
      <Filter>拦截器\ReaderWriter\Node</Filter>
    </ClInclude>
    <ClInclude Include="VirtualTileReaderWriter.h">
      <Filter>拦截器\ReaderWriter</Filter>
    </ClInclude>
    <ClInclude Include="RippleState.h">
      <Filter>状态</Filter>
    </ClInclude>
    <ClInclude Include="IRippleState.h">
      <Filter>Interface\State</Filter>
    </ClInclude>
    <ClInclude Include="ITerrainColorModification.h">
      <Filter>Interface</Filter>
    </ClInclude>
    <ClInclude Include="ITerrainDemModification.h">
      <Filter>Interface</Filter>
    </ClInclude>
    <ClInclude Include="ITerrainDomModification.h">
      <Filter>Interface</Filter>
    </ClInclude>
    <ClInclude Include="ITerrainElevationModification.h">
      <Filter>Interface</Filter>
    </ClInclude>
    <ClInclude Include="ITerrainModification.h">
      <Filter>Interface</Filter>
    </ClInclude>
    <ClInclude Include="ITerrainModificationManager.h">
      <Filter>Interface</Filter>
    </ClInclude>
    <ClInclude Include="TerrainModificationManager.h">
      <Filter>地形修改器</Filter>
    </ClInclude>
    <ClInclude Include="TerrainColorModification.h">
      <Filter>地形修改器</Filter>
    </ClInclude>
    <ClInclude Include="TerrainDemModification.h">
      <Filter>地形修改器</Filter>
    </ClInclude>
    <ClInclude Include="TerrainDomModification.h">
      <Filter>地形修改器</Filter>
    </ClInclude>
    <ClInclude Include="TerrainElevationModification.h">
      <Filter>地形修改器</Filter>
    </ClInclude>
    <ClInclude Include="TerrainModification.h">
      <Filter>地形修改器</Filter>
    </ClInclude>
    <ClInclude Include="AnimationModel.h">
      <Filter>漫游器</Filter>
    </ClInclude>
    <ClInclude Include="IAreaTool.h">
      <Filter>Interface\Tools\临时工具</Filter>
    </ClInclude>
    <ClInclude Include="IMeasureTool.h">
      <Filter>Interface\Tools\临时工具</Filter>
    </ClInclude>
    <ClInclude Include="INavigationPath.h">
      <Filter>Interface</Filter>
    </ClInclude>
    <ClInclude Include="NavigationPath.h">
      <Filter>漫游器</Filter>
    </ClInclude>
    <ClInclude Include="IAnimationModel.h">
      <Filter>Interface</Filter>
    </ClInclude>
    <ClInclude Include="NavigationParam.h">
      <Filter>Interface</Filter>
    </ClInclude>
    <ClInclude Include="NavigationPathPlayer.h">
      <Filter>漫游器</Filter>
    </ClInclude>
    <ClInclude Include="IDirectionState.h">
      <Filter>Interface\State</Filter>
    </ClInclude>
    <ClInclude Include="DirectionState.h">
      <Filter>状态</Filter>
    </ClInclude>
    <ClInclude Include="TopmostState.h">
      <Filter>状态</Filter>
    </ClInclude>
    <ClInclude Include="ITopmostState.h">
      <Filter>Interface\State</Filter>
    </ClInclude>
    <ClInclude Include="IPolygonModeState.h">
      <Filter>Interface\State</Filter>
    </ClInclude>
    <ClInclude Include="SmartLOD.h">
      <Filter>拦截器\ReaderWriter\Node</Filter>
    </ClInclude>
    <ClInclude Include="LODFixer.h">
      <Filter>头文件</Filter>
    </ClInclude>
    <ClInclude Include="SceneGraphOperationBase.h">
      <Filter>SceneGraphOperation</Filter>
    </ClInclude>
    <ClInclude Include="SceneGraphOperator.h">
      <Filter>SceneGraphOperation</Filter>
    </ClInclude>
    <ClInclude Include="StateChanged_Operation.h">
      <Filter>SceneGraphOperation</Filter>
    </ClInclude>
    <ClInclude Include="TerrainTileChanged_Operation.h">
      <Filter>SceneGraphOperation</Filter>
    </ClInclude>
    <ClInclude Include="VTileChanged_Operation.h">
      <Filter>SceneGraphOperation</Filter>
    </ClInclude>
    <ClInclude Include="AddOrRemove_Operation.h">
      <Filter>SceneGraphOperation</Filter>
    </ClInclude>
    <ClInclude Include="CameraInfo.h">
      <Filter>头文件</Filter>
    </ClInclude>
    <ClInclude Include="VTileChangingListener.h">
      <Filter>头文件</Filter>
    </ClInclude>
    <ClInclude Include="TerrainModification_Operation.h">
      <Filter>SceneGraphOperation</Filter>
    </ClInclude>
    <ClInclude Include="ReplaceChildren_Operation.h">
      <Filter>SceneGraphOperation</Filter>
    </ClInclude>
    <ClInclude Include="MeasureTool.h">
      <Filter>工具</Filter>
    </ClInclude>
    <ClInclude Include="AreaTool.h">
      <Filter>工具</Filter>
    </ClInclude>
    <ClInclude Include="RemoveTileByLevel_Operation.h">
      <Filter>SceneGraphOperation</Filter>
    </ClInclude>
    <ClInclude Include="Selecting_Operation.h">
      <Filter>SceneGraphOperation</Filter>
    </ClInclude>
    <ClInclude Include="VirtualCubeReaderWriter.h">
      <Filter>拦截器\ReaderWriter</Filter>
    </ClInclude>
    <ClInclude Include="VirtualCubeNode.h">
      <Filter>拦截器\ReaderWriter\Node</Filter>
    </ClInclude>
    <ClInclude Include="VCubeChanged_Operation.h">
      <Filter>SceneGraphOperation</Filter>
    </ClInclude>
    <ClInclude Include="VCubeChangingListener.h">
      <Filter>头文件</Filter>
    </ClInclude>
    <ClInclude Include="FetchingElevation_Operation.h">
      <Filter>SceneGraphOperation</Filter>
    </ClInclude>
    <ClInclude Include="FindBottomTerrainTile_Operation.h">
      <Filter>SceneGraphOperation</Filter>
    </ClInclude>
    <ClInclude Include="Intersect_Operation.h">
      <Filter>SceneGraphOperation</Filter>
    </ClInclude>
    <ClInclude Include="EditingTool.h">
      <Filter>工具</Filter>
    </ClInclude>
    <ClInclude Include="IEditingTool.h">
      <Filter>Interface\Tools</Filter>
    </ClInclude>
    <ClInclude Include="SharedObjectPool.h" />
    <ClInclude Include="WireFrameState.h">
      <Filter>状态</Filter>
    </ClInclude>
    <ClInclude Include="IWireFrameState.h">
      <Filter>Interface\State</Filter>
    </ClInclude>
    <ClInclude Include="ShadowState.h">
      <Filter>状态</Filter>
    </ClInclude>
    <ClInclude Include="IShadowState.h">
      <Filter>Interface\State</Filter>
    </ClInclude>
    <ClInclude Include="EffectPagedLOD.h">
      <Filter>头文件</Filter>
    </ClInclude>
    <ClInclude Include="AnalysisBaseTool.h">
      <Filter>工具</Filter>
    </ClInclude>
    <ClInclude Include="VisibilityAnalysisTool.h">
      <Filter>工具</Filter>
    </ClInclude>
    <ClInclude Include="IVisibilityAnalysisTool.h">
      <Filter>Interface\Tools</Filter>
    </ClInclude>
    <ClInclude Include="IAnalysisBaseTool.h">
      <Filter>Interface</Filter>
    </ClInclude>
  </ItemGroup>
  <ItemGroup>
    <Filter Include="源文件">
      <UniqueIdentifier>{d86519d5-ed51-4c02-ac7d-9a1e1bd4f184}</UniqueIdentifier>
    </Filter>
    <Filter Include="头文件">
      <UniqueIdentifier>{e8e4d315-ec29-4538-900e-7dd7b85b7e99}</UniqueIdentifier>
    </Filter>
    <Filter Include="拦截器">
      <UniqueIdentifier>{fb2fc776-a882-4fa3-b994-afb584e2f320}</UniqueIdentifier>
    </Filter>
    <Filter Include="视图">
      <UniqueIdentifier>{385b50fe-9d2d-4a54-8dbd-ede188bf3d2c}</UniqueIdentifier>
    </Filter>
    <Filter Include="Interface">
      <UniqueIdentifier>{4dac9d67-8093-4c9c-b34e-e59f001026d2}</UniqueIdentifier>
    </Filter>
    <Filter Include="天空球">
      <UniqueIdentifier>{968b718f-55c3-417d-b467-1fd5b6f8ec5f}</UniqueIdentifier>
    </Filter>
    <Filter Include="工具">
      <UniqueIdentifier>{50082ddd-03e6-4ac8-a3d2-47c92783eaa5}</UniqueIdentifier>
    </Filter>
    <Filter Include="指北针">
      <UniqueIdentifier>{28fddb01-b705-4754-a33b-d72f237add1d}</UniqueIdentifier>
    </Filter>
    <Filter Include="状态条">
      <UniqueIdentifier>{675121e9-ec25-4b82-849e-d25995db6e17}</UniqueIdentifier>
    </Filter>
    <Filter Include="透视镜">
      <UniqueIdentifier>{4bc28ee1-bf24-448d-805b-9ad1568733ce}</UniqueIdentifier>
    </Filter>
    <Filter Include="状态">
      <UniqueIdentifier>{6ae3cb32-da24-4ed9-b9ef-99726074fc30}</UniqueIdentifier>
    </Filter>
    <Filter Include="Interface\Tools">
      <UniqueIdentifier>{4f3e5659-c1a4-40a9-9718-b35161a5b9e2}</UniqueIdentifier>
    </Filter>
    <Filter Include="Interface\State">
      <UniqueIdentifier>{cb937af1-28f7-4b6c-b5fe-ea836f04f466}</UniqueIdentifier>
    </Filter>
    <Filter Include="漫游器">
      <UniqueIdentifier>{dc09beed-4d43-4985-bc3a-be54f210c1fd}</UniqueIdentifier>
    </Filter>
    <Filter Include="拦截器\ReaderWriter">
      <UniqueIdentifier>{61cd2845-7977-40b4-b587-a08cea59679b}</UniqueIdentifier>
    </Filter>
    <Filter Include="地形修改器">
      <UniqueIdentifier>{1629310e-be5e-442d-b963-14b80c84e7a0}</UniqueIdentifier>
    </Filter>
    <Filter Include="Interface\Tools\临时工具">
      <UniqueIdentifier>{0ff6fa96-8668-462a-8406-6a55e40c0c8d}</UniqueIdentifier>
    </Filter>
    <Filter Include="SceneGraphOperation">
      <UniqueIdentifier>{fd90532e-919c-4be9-a123-41f000638969}</UniqueIdentifier>
    </Filter>
    <Filter Include="拦截器\ReaderWriter\Node">
      <UniqueIdentifier>{cfbba22e-dba2-40a9-a42e-f1ea81349441}</UniqueIdentifier>
    </Filter>
  </ItemGroup>
  <ItemGroup>
    <ClCompile Include="InitializationParam.cpp">
      <Filter>源文件</Filter>
    </ClCompile>
    <ClCompile Include="Utility.cpp">
      <Filter>源文件</Filter>
    </ClCompile>
    <ClCompile Include="DEUPlatformCore.cpp">
      <Filter>源文件</Filter>
    </ClCompile>
    <ClCompile Include="TextCenterLayouter.cpp">
      <Filter>源文件</Filter>
    </ClCompile>
    <ClCompile Include="FileReadInterceptor.cpp">
      <Filter>拦截器</Filter>
    </ClCompile>
    <ClCompile Include="AeroCalculator.cpp">
      <Filter>视图</Filter>
    </ClCompile>
    <ClCompile Include="DEUSceneViewer.cpp">
      <Filter>视图</Filter>
    </ClCompile>
    <ClCompile Include="FrameImageFetcher.cpp">
      <Filter>视图</Filter>
    </ClCompile>
    <ClCompile Include="HudLayouter.cpp">
      <Filter>视图</Filter>
    </ClCompile>
    <ClCompile Include="ProjectionMatrixFixer.cpp">
      <Filter>视图</Filter>
    </ClCompile>
    <ClCompile Include="SkyDome.cpp">
      <Filter>天空球</Filter>
    </ClCompile>
    <ClCompile Include="StarData.cpp">
      <Filter>天空球</Filter>
    </ClCompile>
    <ClCompile Include="EllipseTool.cpp">
      <Filter>工具</Filter>
    </ClCompile>
    <ClCompile Include="FaceTool.cpp">
      <Filter>工具</Filter>
    </ClCompile>
    <ClCompile Include="LineTool.cpp">
      <Filter>工具</Filter>
    </ClCompile>
    <ClCompile Include="PointTool.cpp">
      <Filter>工具</Filter>
    </ClCompile>
    <ClCompile Include="PolygonTool.cpp">
      <Filter>工具</Filter>
    </ClCompile>
    <ClCompile Include="PolylineTool.cpp">
      <Filter>工具</Filter>
    </ClCompile>
    <ClCompile Include="Compass.cpp">
      <Filter>指北针</Filter>
    </ClCompile>
    <ClCompile Include="RectTool.cpp">
      <Filter>工具</Filter>
    </ClCompile>
    <ClCompile Include="StatusBar.cpp">
      <Filter>状态条</Filter>
    </ClCompile>
    <ClCompile Include="ToolBase.cpp">
      <Filter>工具</Filter>
    </ClCompile>
    <ClCompile Include="ToolManager.cpp">
      <Filter>工具</Filter>
    </ClCompile>
    <ClCompile Include="TileObjBlender.cpp">
      <Filter>拦截器</Filter>
    </ClCompile>
    <ClCompile Include="Fluoroscope.cpp">
      <Filter>透视镜</Filter>
    </ClCompile>
    <ClCompile Include="StateBase.cpp">
      <Filter>状态</Filter>
    </ClCompile>
    <ClCompile Include="ColorState.cpp">
      <Filter>状态</Filter>
    </ClCompile>
    <ClCompile Include="OutlineLayouter.cpp">
      <Filter>状态</Filter>
    </ClCompile>
    <ClCompile Include="OutLineState.cpp">
      <Filter>状态</Filter>
    </ClCompile>
    <ClCompile Include="SmokeState.cpp">
      <Filter>状态</Filter>
    </ClCompile>
    <ClCompile Include="StateManager.cpp">
      <Filter>状态</Filter>
    </ClCompile>
    <ClCompile Include="VisibleState.cpp">
      <Filter>状态</Filter>
    </ClCompile>
    <ClCompile Include="RefreshingTerrainThread.cpp">
      <Filter>源文件</Filter>
    </ClCompile>
    <ClCompile Include="Registry.cpp">
      <Filter>源文件</Filter>
    </ClCompile>
    <ClCompile Include="RefreshingThread.cpp">
      <Filter>源文件</Filter>
    </ClCompile>
    <ClCompile Include="ViewState.cpp">
      <Filter>状态</Filter>
    </ClCompile>
    <ClCompile Include="NavigationParam.cpp">
      <Filter>漫游器</Filter>
    </ClCompile>
    <ClCompile Include="NavigatorBase.cpp">
      <Filter>漫游器</Filter>
    </ClCompile>
    <ClCompile Include="NavigatorManager.cpp">
      <Filter>漫游器</Filter>
    </ClCompile>
    <ClCompile Include="PlanetNavigator.cpp">
      <Filter>漫游器</Filter>
    </ClCompile>
    <ClCompile Include="SubGround.cpp">
      <Filter>源文件</Filter>
    </ClCompile>
    <ClCompile Include="Capabilities.cpp">
      <Filter>源文件</Filter>
    </ClCompile>
    <ClCompile Include="DEUProxyNode.cpp">
      <Filter>拦截器\ReaderWriter\Node</Filter>
    </ClCompile>
    <ClCompile Include="VirtualTileReaderWriter.cpp">
      <Filter>拦截器\ReaderWriter</Filter>
    </ClCompile>
    <ClCompile Include="RippleState.cpp">
      <Filter>状态</Filter>
    </ClCompile>
    <ClCompile Include="TerrainColorModification.cpp">
      <Filter>地形修改器</Filter>
    </ClCompile>
    <ClCompile Include="TerrainDemModification.cpp">
      <Filter>地形修改器</Filter>
    </ClCompile>
    <ClCompile Include="TerrainDomModification.cpp">
      <Filter>地形修改器</Filter>
    </ClCompile>
    <ClCompile Include="TerrainElevationModification.cpp">
      <Filter>地形修改器</Filter>
    </ClCompile>
    <ClCompile Include="TerrainModification.cpp">
      <Filter>地形修改器</Filter>
    </ClCompile>
    <ClCompile Include="TerrainModificationManager.cpp">
      <Filter>地形修改器</Filter>
    </ClCompile>
    <ClCompile Include="AnimationModel.cpp">
      <Filter>漫游器</Filter>
    </ClCompile>
    <ClCompile Include="NavigationPath.cpp">
      <Filter>漫游器</Filter>
    </ClCompile>
    <ClCompile Include="NavigationPathPlayer.cpp">
      <Filter>漫游器</Filter>
    </ClCompile>
    <ClCompile Include="DirectionState.cpp">
      <Filter>状态</Filter>
    </ClCompile>
    <ClCompile Include="TopmostState.cpp">
      <Filter>状态</Filter>
    </ClCompile>
    <ClCompile Include="SmartLOD.cpp">
      <Filter>拦截器\ReaderWriter\Node</Filter>
    </ClCompile>
    <ClCompile Include="LODFixer.cpp">
      <Filter>源文件</Filter>
    </ClCompile>
    <ClCompile Include="SceneGraphOperationBase.cpp">
      <Filter>SceneGraphOperation</Filter>
    </ClCompile>
    <ClCompile Include="SceneGraphOperator.cpp">
      <Filter>SceneGraphOperation</Filter>
    </ClCompile>
    <ClCompile Include="StateChanged_Operation.cpp">
      <Filter>SceneGraphOperation</Filter>
    </ClCompile>
    <ClCompile Include="TerrainTileChanged_Operation.cpp">
      <Filter>SceneGraphOperation</Filter>
    </ClCompile>
    <ClCompile Include="VTileChanged_Operation.cpp">
      <Filter>SceneGraphOperation</Filter>
    </ClCompile>
    <ClCompile Include="AddOrRemove_Operation.cpp">
      <Filter>SceneGraphOperation</Filter>
    </ClCompile>
    <ClCompile Include="CameraInfo.cpp">
      <Filter>源文件</Filter>
    </ClCompile>
    <ClCompile Include="VTileChangingListener.cpp">
      <Filter>源文件</Filter>
    </ClCompile>
    <ClCompile Include="AreaTool.cpp">
      <Filter>工具</Filter>
    </ClCompile>
    <ClCompile Include="MeasureTool.cpp">
      <Filter>工具</Filter>
    </ClCompile>
    <ClCompile Include="RemoveTileByLevel_Operation.cpp">
      <Filter>SceneGraphOperation</Filter>
    </ClCompile>
    <ClCompile Include="ReplaceChildren_Operation.cpp">
      <Filter>SceneGraphOperation</Filter>
    </ClCompile>
    <ClCompile Include="Selecting_Operation.cpp">
      <Filter>SceneGraphOperation</Filter>
    </ClCompile>
    <ClCompile Include="VirtualCubeReaderWriter.cpp">
      <Filter>拦截器\ReaderWriter</Filter>
    </ClCompile>
    <ClCompile Include="VirtualCubeNode.cpp">
      <Filter>拦截器\ReaderWriter\Node</Filter>
    </ClCompile>
    <ClCompile Include="VCubeChanged_Operation.cpp">
      <Filter>SceneGraphOperation</Filter>
    </ClCompile>
    <ClCompile Include="VCubeChangingListener.cpp">
      <Filter>源文件</Filter>
    </ClCompile>
    <ClCompile Include="FetchingElevation_Operation.cpp">
      <Filter>SceneGraphOperation</Filter>
    </ClCompile>
    <ClCompile Include="FindBottomTerrainTile_Operation.cpp">
      <Filter>SceneGraphOperation</Filter>
    </ClCompile>
    <ClCompile Include="Intersect_Operation.cpp">
      <Filter>SceneGraphOperation</Filter>
    </ClCompile>
    <ClCompile Include="EditingTool.cpp">
      <Filter>工具</Filter>
    </ClCompile>
    <ClCompile Include="SharedObjectPool.cpp" />
    <ClCompile Include="WireFrameState.cpp">
      <Filter>状态</Filter>
    </ClCompile>
    <ClCompile Include="ShadowState.cpp">
      <Filter>状态</Filter>
    </ClCompile>
    <ClCompile Include="EffectPagedLOD.cpp">
      <Filter>源文件</Filter>
    </ClCompile>
    <ClCompile Include="AnalysisBaseTool.cpp">
      <Filter>工具</Filter>
    </ClCompile>
    <ClCompile Include="VisibilityAnalysisTool.cpp">
      <Filter>工具</Filter>
    </ClCompile>
  </ItemGroup>
  <ItemGroup>
    <None Include="ClassDiagram1.cd" />
  </ItemGroup>
  <ItemGroup>
    <ResourceCompile Include="..\..\DEU3D_VersionRes\DEUGlobeVersionInfo.rc" />
  </ItemGroup>
</Project>