<?xml version="1.0" encoding="utf-8"?>
<Project ToolsVersion="4.0" xmlns="http://schemas.microsoft.com/developer/msbuild/2003">
  <ItemGroup>
    <ClCompile Include="..\..\src\osgGA\AnimationPathManipulator.cpp">
      <Filter>Source Files</Filter>
    </ClCompile>
    <ClCompile Include="..\..\src\osgGA\EventQueue.cpp">
      <Filter>Source Files</Filter>
    </ClCompile>
    <ClCompile Include="..\..\src\osgGA\EventVisitor.cpp">
      <Filter>Source Files</Filter>
    </ClCompile>
    <ClCompile Include="..\..\src\osgGA\GUIEventAdapter.cpp">
      <Filter>Source Files</Filter>
    </ClCompile>
    <ClCompile Include="..\..\src\osgGA\GUIEventHandler.cpp">
      <Filter>Source Files</Filter>
    </ClCompile>
    <ClCompile Include="..\..\src\osgGA\CameraManipulator.cpp">
      <Filter>Source Files</Filter>
    </ClCompile>
    <ClCompile Include="..\..\src\osgGA\OrbitManipulator.cpp">
      <Filter>Source Files</Filter>
    </ClCompile>
    <ClCompile Include="..\..\src\osgGA\StandardManipulator.cpp">
      <Filter>Source Files</Filter>
    </ClCompile>
    <ClCompile Include="..\..\src\osgGA\StateSetManipulator.cpp">
      <Filter>Source Files</Filter>
    </ClCompile>
    <ClCompile Include="..\..\src\osgGA\TrackballManipulator.cpp">
      <Filter>Source Files</Filter>
    </ClCompile>
    <ClCompile Include="..\..\src\osgGA\Version.cpp">
      <Filter>Source Files</Filter>
    </ClCompile>
  </ItemGroup>
  <ItemGroup>
    <Filter Include="Source Files">
      <UniqueIdentifier>{26235826-DFED-47CB-805B-9ACC297C5864}</UniqueIdentifier>
    </Filter>
    <Filter Include="Header Files">
      <UniqueIdentifier>{C0101EB8-C0E4-4247-8332-1F46E83734DA}</UniqueIdentifier>
    </Filter>
  </ItemGroup>
  <ItemGroup>
    <None Include="..\..\include\osgGA\AnimationPathManipulator">
      <Filter>Header Files</Filter>
    </None>
    <None Include="..\..\include\osgGA\EventQueue">
      <Filter>Header Files</Filter>
    </None>
    <None Include="..\..\include\osgGA\EventVisitor">
      <Filter>Header Files</Filter>
    </None>
    <None Include="..\..\include\osgGA\Export">
      <Filter>Header Files</Filter>
    </None>
    <None Include="..\..\include\osgGA\GUIActionAdapter">
      <Filter>Header Files</Filter>
    </None>
    <None Include="..\..\include\osgGA\GUIEventAdapter">
      <Filter>Header Files</Filter>
    </None>
    <None Include="..\..\include\osgGA\GUIEventHandler">
      <Filter>Header Files</Filter>
    </None>
    <None Include="..\..\include\osgGA\CameraManipulator">
      <Filter>Header Files</Filter>
    </None>
    <None Include="..\..\include\osgGA\OrbitManipulator">
      <Filter>Header Files</Filter>
    </None>
    <None Include="..\..\include\osgGA\StandardManipulator">
      <Filter>Header Files</Filter>
    </None>
    <None Include="..\..\include\osgGA\StateSetManipulator">
      <Filter>Header Files</Filter>
    </None>
    <None Include="..\..\include\osgGA\TrackballManipulator">
      <Filter>Header Files</Filter>
    </None>
    <None Include="..\..\include\osgGA\Version">
      <Filter>Header Files</Filter>
    </None>
  </ItemGroup>
  <ItemGroup>
    <ResourceCompile Include="..\..\..\DEU3D_VersionRes\DEUGlobeVersionInfo.rc" />
  </ItemGroup>
</Project>