<?xml version="1.0" encoding="utf-8"?>
<Project ToolsVersion="4.0" xmlns="http://schemas.microsoft.com/developer/msbuild/2003">
  <ItemGroup>
    <Filter Include="源文件">
      <UniqueIdentifier>{4FC737F1-C7A5-4376-A066-2A32D752A2FF}</UniqueIdentifier>
      <Extensions>cpp;c;cc;cxx;def;odl;idl;hpj;bat;asm;asmx</Extensions>
    </Filter>
    <Filter Include="头文件">
      <UniqueIdentifier>{93995380-89BD-4b04-88EB-625FBE52EBFB}</UniqueIdentifier>
      <Extensions>h;hpp;hxx;hm;inl;inc;xsd</Extensions>
    </Filter>
    <Filter Include="资源文件">
      <UniqueIdentifier>{67DA6AB6-F800-4c08-8B7A-83BB121AAD01}</UniqueIdentifier>
      <Extensions>rc;ico;cur;bmp;dlg;rc2;rct;bin;rgs;gif;jpg;jpeg;jpe;resx;tiff;tif;png;wav;mfcribbon-ms</Extensions>
    </Filter>
    <Filter Include="interface">
      <UniqueIdentifier>{d3037714-bad7-4703-86dc-65e74b9367d9}</UniqueIdentifier>
    </Filter>
  </ItemGroup>
  <ItemGroup>
    <None Include="ReadMe.txt" />
  </ItemGroup>
  <ItemGroup>
    <ClInclude Include="DataKeeper.h">
      <Filter>头文件</Filter>
    </ClInclude>
    <ClInclude Include="export.h">
      <Filter>头文件</Filter>
    </ClInclude>
    <ClInclude Include="Verify.h">
      <Filter>头文件</Filter>
    </ClInclude>
    <ClInclude Include="DEUDefine.h">
      <Filter>头文件</Filter>
    </ClInclude>
    <ClInclude Include="DEULocalDataSet.h">
      <Filter>头文件</Filter>
    </ClInclude>
    <ClInclude Include="DEUUrlServer.h">
      <Filter>头文件</Filter>
    </ClInclude>
    <ClInclude Include="DEUUtils.h">
      <Filter>头文件</Filter>
    </ClInclude>
    <ClInclude Include="DEUDataLog.h">
      <Filter>头文件</Filter>
    </ClInclude>
    <ClInclude Include="IDataKeeper.h">
      <Filter>interface</Filter>
    </ClInclude>
    <ClInclude Include="IDataSetManager.h">
      <Filter>interface</Filter>
    </ClInclude>
    <ClInclude Include="IDataSetSegment.h">
      <Filter>interface</Filter>
    </ClInclude>
    <ClInclude Include="IServiceManager.h">
      <Filter>interface</Filter>
    </ClInclude>
    <ClInclude Include="DataSetManager.h">
      <Filter>头文件</Filter>
    </ClInclude>
    <ClInclude Include="DataSetSegment.h">
      <Filter>头文件</Filter>
    </ClInclude>
    <ClInclude Include="ServiceManager.h">
      <Filter>头文件</Filter>
    </ClInclude>
    <ClInclude Include="DEULog.h">
      <Filter>头文件</Filter>
    </ClInclude>
    <ClInclude Include="IDataSet.h">
      <Filter>interface</Filter>
    </ClInclude>
    <ClInclude Include="IService.h">
      <Filter>interface</Filter>
    </ClInclude>
    <ClInclude Include="DataSet.h">
      <Filter>头文件</Filter>
    </ClInclude>
    <ClInclude Include="Service.h">
      <Filter>头文件</Filter>
    </ClInclude>
  </ItemGroup>
  <ItemGroup>
    <ClCompile Include="DataKeeper.cpp">
      <Filter>源文件</Filter>
    </ClCompile>
    <ClCompile Include="Verify.cpp">
      <Filter>源文件</Filter>
    </ClCompile>
    <ClCompile Include="DEULocalDataSet.cpp">
      <Filter>源文件</Filter>
    </ClCompile>
    <ClCompile Include="DEUUrlServer.cpp">
      <Filter>源文件</Filter>
    </ClCompile>
    <ClCompile Include="DEUUtils.cpp">
      <Filter>源文件</Filter>
    </ClCompile>
    <ClCompile Include="DEUDataLog.cpp">
      <Filter>源文件</Filter>
    </ClCompile>
    <ClCompile Include="DataSetManager.cpp">
      <Filter>源文件</Filter>
    </ClCompile>
    <ClCompile Include="DataSetSegment.cpp">
      <Filter>源文件</Filter>
    </ClCompile>
    <ClCompile Include="ServiceManager.cpp">
      <Filter>源文件</Filter>
    </ClCompile>
    <ClCompile Include="DEUDefine.cpp">
      <Filter>源文件</Filter>
    </ClCompile>
    <ClCompile Include="DEULog.cpp">
      <Filter>源文件</Filter>
    </ClCompile>
    <ClCompile Include="DataSet.cpp">
      <Filter>源文件</Filter>
    </ClCompile>
    <ClCompile Include="Service.cpp">
      <Filter>源文件</Filter>
    </ClCompile>
  </ItemGroup>
  <ItemGroup>
    <ResourceCompile Include="..\..\DEU3D_VersionRes\DEUGlobeVersionInfo.rc">
      <Filter>资源文件</Filter>
    </ResourceCompile>
  </ItemGroup>
</Project>