
Microsoft Visual Studio Solution File, Format Version 11.00
# Visual Studio 2010
Project("{8BC9CEB8-8B4A-11D0-8D11-00A0C91BC942}") = "OpenThreads", "OpenThreads\OpenThreads.vcxproj", "{5CAA47CD-C980-4441-AD37-EE970A6E78C9}"
EndProject
Project("{8BC9CEB8-8B4A-11D0-8D11-00A0C91BC942}") = "OpenSP", "OpenSP\OpenSP.vcxproj", "{0A80BA8E-1444-494C-BD95-DF103F86E7D4}"
	ProjectSection(ProjectDependencies) = postProject
		{5CAA47CD-C980-4441-AD37-EE970A6E78C9} = {5CAA47CD-C980-4441-AD37-EE970A6E78C9}
	EndProjectSection
EndProject
Project("{8BC9CEB8-8B4A-11D0-8D11-00A0C91BC942}") = "IDProvider", "IDProvider\IDProvider.vcxproj", "{58DABF1D-EE77-44CB-B278-2E9788D559D5}"
EndProject
Project("{8BC9CEB8-8B4A-11D0-8D11-00A0C91BC942}") = "EventAdapter", "EventAdapter\EventAdapter.vcxproj", "{395A8F9B-CC19-4025-B680-CD5022D3001C}"
	ProjectSection(ProjectDependencies) = postProject
		{0A80BA8E-1444-494C-BD95-DF103F86E7D4} = {0A80BA8E-1444-494C-BD95-DF103F86E7D4}
		{5CAA47CD-C980-4441-AD37-EE970A6E78C9} = {5CAA47CD-C980-4441-AD37-EE970A6E78C9}
		{84FC96DE-52F6-4155-A643-8FBA35A82793} = {84FC96DE-52F6-4155-A643-8FBA35A82793}
	EndProjectSection
EndProject
Project("{8BC9CEB8-8B4A-11D0-8D11-00A0C91BC942}") = "DEUDBServer", "DEUDBServer\DEUDBServer.vcxproj", "{EDC3B86C-373B-4305-A472-C3B4ACD5855E}"
	ProjectSection(ProjectDependencies) = postProject
		{58DABF1D-EE77-44CB-B278-2E9788D559D5} = {58DABF1D-EE77-44CB-B278-2E9788D559D5}
		{7BBA6DBD-9672-4BD5-8081-235AD6D5E8D2} = {7BBA6DBD-9672-4BD5-8081-235AD6D5E8D2}
		{84FC96DE-52F6-4155-A643-8FBA35A82793} = {84FC96DE-52F6-4155-A643-8FBA35A82793}
	EndProjectSection
EndProject
Project("{8BC9CEB8-8B4A-11D0-8D11-00A0C91BC942}") = "DEUDBProxy", "DEUDBProxy\DEUDBProxy.vcxproj", "{49DBB128-685C-49EC-96DE-67A277D6EDE0}"
	ProjectSection(ProjectDependencies) = postProject
		{58DABF1D-EE77-44CB-B278-2E9788D559D5} = {58DABF1D-EE77-44CB-B278-2E9788D559D5}
		{0A80BA8E-1444-494C-BD95-DF103F86E7D4} = {0A80BA8E-1444-494C-BD95-DF103F86E7D4}
		{5CAA47CD-C980-4441-AD37-EE970A6E78C9} = {5CAA47CD-C980-4441-AD37-EE970A6E78C9}
		{84FC96DE-52F6-4155-A643-8FBA35A82793} = {84FC96DE-52F6-4155-A643-8FBA35A82793}
	EndProjectSection
EndProject
Project("{8BC9CEB8-8B4A-11D0-8D11-00A0C91BC942}") = "DEUDB", "DEUDB\DEUDB.vcxproj", "{7BBA6DBD-9672-4BD5-8081-235AD6D5E8D2}"
	ProjectSection(ProjectDependencies) = postProject
		{58DABF1D-EE77-44CB-B278-2E9788D559D5} = {58DABF1D-EE77-44CB-B278-2E9788D559D5}
		{0A80BA8E-1444-494C-BD95-DF103F86E7D4} = {0A80BA8E-1444-494C-BD95-DF103F86E7D4}
		{5CAA47CD-C980-4441-AD37-EE970A6E78C9} = {5CAA47CD-C980-4441-AD37-EE970A6E78C9}
		{84FC96DE-52F6-4155-A643-8FBA35A82793} = {84FC96DE-52F6-4155-A643-8FBA35A82793}
	EndProjectSection
EndProject
Project("{8BC9CEB8-8B4A-11D0-8D11-00A0C91BC942}") = "Common", "Common\Common.vcxproj", "{84FC96DE-52F6-4155-A643-8FBA35A82793}"
	ProjectSection(ProjectDependencies) = postProject
		{58DABF1D-EE77-44CB-B278-2E9788D559D5} = {58DABF1D-EE77-44CB-B278-2E9788D559D5}
		{0A80BA8E-1444-494C-BD95-DF103F86E7D4} = {0A80BA8E-1444-494C-BD95-DF103F86E7D4}
		{5CAA47CD-C980-4441-AD37-EE970A6E78C9} = {5CAA47CD-C980-4441-AD37-EE970A6E78C9}
	EndProjectSection
EndProject
Project("{8BC9CEB8-8B4A-11D0-8D11-00A0C91BC942}") = "DEULog", "DEULog\DEULog.vcxproj", "{1C653289-F96E-4C5D-8BDA-EA6CE01CEA23}"
EndProject
Global
	GlobalSection(SolutionConfigurationPlatforms) = preSolution
		Debug|Win32 = Debug|Win32
		Debug|x64 = Debug|x64
		Release|Win32 = Release|Win32
		Release|x64 = Release|x64
	EndGlobalSection
	GlobalSection(ProjectConfigurationPlatforms) = postSolution
		{5CAA47CD-C980-4441-AD37-EE970A6E78C9}.Debug|Win32.ActiveCfg = Debug|Win32
		{5CAA47CD-C980-4441-AD37-EE970A6E78C9}.Debug|Win32.Build.0 = Debug|Win32
		{5CAA47CD-C980-4441-AD37-EE970A6E78C9}.Debug|x64.ActiveCfg = Debug|x64
		{5CAA47CD-C980-4441-AD37-EE970A6E78C9}.Debug|x64.Build.0 = Debug|x64
		{5CAA47CD-C980-4441-AD37-EE970A6E78C9}.Release|Win32.ActiveCfg = Release|Win32
		{5CAA47CD-C980-4441-AD37-EE970A6E78C9}.Release|Win32.Build.0 = Release|Win32
		{5CAA47CD-C980-4441-AD37-EE970A6E78C9}.Release|x64.ActiveCfg = Release|x64
		{5CAA47CD-C980-4441-AD37-EE970A6E78C9}.Release|x64.Build.0 = Release|x64
		{0A80BA8E-1444-494C-BD95-DF103F86E7D4}.Debug|Win32.ActiveCfg = Debug|Win32
		{0A80BA8E-1444-494C-BD95-DF103F86E7D4}.Debug|Win32.Build.0 = Debug|Win32
		{0A80BA8E-1444-494C-BD95-DF103F86E7D4}.Debug|x64.ActiveCfg = Debug|x64
		{0A80BA8E-1444-494C-BD95-DF103F86E7D4}.Debug|x64.Build.0 = Debug|x64
		{0A80BA8E-1444-494C-BD95-DF103F86E7D4}.Release|Win32.ActiveCfg = Release|Win32
		{0A80BA8E-1444-494C-BD95-DF103F86E7D4}.Release|Win32.Build.0 = Release|Win32
		{0A80BA8E-1444-494C-BD95-DF103F86E7D4}.Release|x64.ActiveCfg = Release|x64
		{0A80BA8E-1444-494C-BD95-DF103F86E7D4}.Release|x64.Build.0 = Release|x64
		{58DABF1D-EE77-44CB-B278-2E9788D559D5}.Debug|Win32.ActiveCfg = Debug|Win32
		{58DABF1D-EE77-44CB-B278-2E9788D559D5}.Debug|Win32.Build.0 = Debug|Win32
		{58DABF1D-EE77-44CB-B278-2E9788D559D5}.Debug|x64.ActiveCfg = Debug|x64
		{58DABF1D-EE77-44CB-B278-2E9788D559D5}.Debug|x64.Build.0 = Debug|x64
		{58DABF1D-EE77-44CB-B278-2E9788D559D5}.Release|Win32.ActiveCfg = Release|Win32
		{58DABF1D-EE77-44CB-B278-2E9788D559D5}.Release|Win32.Build.0 = Release|Win32
		{58DABF1D-EE77-44CB-B278-2E9788D559D5}.Release|x64.ActiveCfg = Release|x64
		{58DABF1D-EE77-44CB-B278-2E9788D559D5}.Release|x64.Build.0 = Release|x64
		{395A8F9B-CC19-4025-B680-CD5022D3001C}.Debug|Win32.ActiveCfg = Debug|Win32
		{395A8F9B-CC19-4025-B680-CD5022D3001C}.Debug|Win32.Build.0 = Debug|Win32
		{395A8F9B-CC19-4025-B680-CD5022D3001C}.Debug|x64.ActiveCfg = Debug|x64
		{395A8F9B-CC19-4025-B680-CD5022D3001C}.Debug|x64.Build.0 = Debug|x64
		{395A8F9B-CC19-4025-B680-CD5022D3001C}.Release|Win32.ActiveCfg = Release|Win32
		{395A8F9B-CC19-4025-B680-CD5022D3001C}.Release|Win32.Build.0 = Release|Win32
		{395A8F9B-CC19-4025-B680-CD5022D3001C}.Release|x64.ActiveCfg = Release|x64
		{395A8F9B-CC19-4025-B680-CD5022D3001C}.Release|x64.Build.0 = Release|x64
		{EDC3B86C-373B-4305-A472-C3B4ACD5855E}.Debug|Win32.ActiveCfg = Debug|Win32
		{EDC3B86C-373B-4305-A472-C3B4ACD5855E}.Debug|Win32.Build.0 = Debug|Win32
		{EDC3B86C-373B-4305-A472-C3B4ACD5855E}.Debug|x64.ActiveCfg = Debug|x64
		{EDC3B86C-373B-4305-A472-C3B4ACD5855E}.Debug|x64.Build.0 = Debug|x64
		{EDC3B86C-373B-4305-A472-C3B4ACD5855E}.Release|Win32.ActiveCfg = Release|Win32
		{EDC3B86C-373B-4305-A472-C3B4ACD5855E}.Release|Win32.Build.0 = Release|Win32
		{EDC3B86C-373B-4305-A472-C3B4ACD5855E}.Release|x64.ActiveCfg = Release|x64
		{EDC3B86C-373B-4305-A472-C3B4ACD5855E}.Release|x64.Build.0 = Release|x64
		{49DBB128-685C-49EC-96DE-67A277D6EDE0}.Debug|Win32.ActiveCfg = Debug|Win32
		{49DBB128-685C-49EC-96DE-67A277D6EDE0}.Debug|Win32.Build.0 = Debug|Win32
		{49DBB128-685C-49EC-96DE-67A277D6EDE0}.Debug|x64.ActiveCfg = Debug|x64
		{49DBB128-685C-49EC-96DE-67A277D6EDE0}.Debug|x64.Build.0 = Debug|x64
		{49DBB128-685C-49EC-96DE-67A277D6EDE0}.Release|Win32.ActiveCfg = Release|Win32
		{49DBB128-685C-49EC-96DE-67A277D6EDE0}.Release|Win32.Build.0 = Release|Win32
		{49DBB128-685C-49EC-96DE-67A277D6EDE0}.Release|x64.ActiveCfg = Release|x64
		{49DBB128-685C-49EC-96DE-67A277D6EDE0}.Release|x64.Build.0 = Release|x64
		{7BBA6DBD-9672-4BD5-8081-235AD6D5E8D2}.Debug|Win32.ActiveCfg = Debug|Win32
		{7BBA6DBD-9672-4BD5-8081-235AD6D5E8D2}.Debug|Win32.Build.0 = Debug|Win32
		{7BBA6DBD-9672-4BD5-8081-235AD6D5E8D2}.Debug|x64.ActiveCfg = Debug|x64
		{7BBA6DBD-9672-4BD5-8081-235AD6D5E8D2}.Debug|x64.Build.0 = Debug|x64
		{7BBA6DBD-9672-4BD5-8081-235AD6D5E8D2}.Release|Win32.ActiveCfg = Release|Win32
		{7BBA6DBD-9672-4BD5-8081-235AD6D5E8D2}.Release|Win32.Build.0 = Release|Win32
		{7BBA6DBD-9672-4BD5-8081-235AD6D5E8D2}.Release|x64.ActiveCfg = Release|x64
		{7BBA6DBD-9672-4BD5-8081-235AD6D5E8D2}.Release|x64.Build.0 = Release|x64
		{84FC96DE-52F6-4155-A643-8FBA35A82793}.Debug|Win32.ActiveCfg = Debug|Win32
		{84FC96DE-52F6-4155-A643-8FBA35A82793}.Debug|Win32.Build.0 = Debug|Win32
		{84FC96DE-52F6-4155-A643-8FBA35A82793}.Debug|x64.ActiveCfg = Debug|x64
		{84FC96DE-52F6-4155-A643-8FBA35A82793}.Debug|x64.Build.0 = Debug|x64
		{84FC96DE-52F6-4155-A643-8FBA35A82793}.Release|Win32.ActiveCfg = Release|Win32
		{84FC96DE-52F6-4155-A643-8FBA35A82793}.Release|Win32.Build.0 = Release|Win32
		{84FC96DE-52F6-4155-A643-8FBA35A82793}.Release|x64.ActiveCfg = Release|x64
		{84FC96DE-52F6-4155-A643-8FBA35A82793}.Release|x64.Build.0 = Release|x64
		{1C653289-F96E-4C5D-8BDA-EA6CE01CEA23}.Debug|Win32.ActiveCfg = Debug|Win32
		{1C653289-F96E-4C5D-8BDA-EA6CE01CEA23}.Debug|Win32.Build.0 = Debug|Win32
		{1C653289-F96E-4C5D-8BDA-EA6CE01CEA23}.Debug|x64.ActiveCfg = Debug|x64
		{1C653289-F96E-4C5D-8BDA-EA6CE01CEA23}.Debug|x64.Build.0 = Debug|x64
		{1C653289-F96E-4C5D-8BDA-EA6CE01CEA23}.Release|Win32.ActiveCfg = Release|Win32
		{1C653289-F96E-4C5D-8BDA-EA6CE01CEA23}.Release|Win32.Build.0 = Release|Win32
		{1C653289-F96E-4C5D-8BDA-EA6CE01CEA23}.Release|x64.ActiveCfg = Release|x64
		{1C653289-F96E-4C5D-8BDA-EA6CE01CEA23}.Release|x64.Build.0 = Release|x64
	EndGlobalSection
	GlobalSection(SolutionProperties) = preSolution
		HideSolutionNode = FALSE
	EndGlobalSection
EndGlobal
